
Microsoft Visual Studio Solution File, Format Version 12.00
# Visual Studio 15
VisualStudioVersion = 15.0.26124.0
MinimumVisualStudioVersion = 15.0.26124.0
Project("{2150E333-8FDC-42A3-9474-1A3956D46DE8}") = "src", "src", "{6CF609A0-0A74-4BAE-B18D-71EA5A53958A}"
EndProject
Project("{FAE04EC0-301F-11D3-BF4B-00C04F79EFBC}") = "Contentment.Api", "src\Contentment.Api\Contentment.Api.csproj", "{8D6D8253-CD20-4C9B-B3F9-20DD08E99726}"
EndProject
Project("{2150E333-8FDC-42A3-9474-1A3956D46DE8}") = "test", "test", "{19AC3587-27EC-4C56-9F61-1453095A48F0}"
EndProject
Project("{FAE04EC0-301F-11D3-BF4B-00C04F79EFBC}") = "Contentment.Api.Test", "test\Contentment.Api.Test\Contentment.Api.Test.csproj", "{217873BD-5CB5-438A-860F-98C8AFEC71F8}"
EndProject
Global
	GlobalSection(SolutionConfigurationPlatforms) = preSolution
		Debug|Any CPU = Debug|Any CPU
		Debug|x64 = Debug|x64
		Debug|x86 = Debug|x86
		Release|Any CPU = Release|Any CPU
		Release|x64 = Release|x64
		Release|x86 = Release|x86
	EndGlobalSection
	GlobalSection(SolutionProperties) = preSolution
		HideSolutionNode = FALSE
	EndGlobalSection
	GlobalSection(ProjectConfigurationPlatforms) = postSolution
		{8D6D8253-CD20-4C9B-B3F9-20DD08E99726}.Debug|Any CPU.ActiveCfg = Debug|Any CPU
		{8D6D8253-CD20-4C9B-B3F9-20DD08E99726}.Debug|Any CPU.Build.0 = Debug|Any CPU
		{8D6D8253-CD20-4C9B-B3F9-20DD08E99726}.Debug|x64.ActiveCfg = Debug|x64
		{8D6D8253-CD20-4C9B-B3F9-20DD08E99726}.Debug|x64.Build.0 = Debug|x64
		{8D6D8253-CD20-4C9B-B3F9-20DD08E99726}.Debug|x86.ActiveCfg = Debug|x86
		{8D6D8253-CD20-4C9B-B3F9-20DD08E99726}.Debug|x86.Build.0 = Debug|x86
		{8D6D8253-CD20-4C9B-B3F9-20DD08E99726}.Release|Any CPU.ActiveCfg = Release|Any CPU
		{8D6D8253-CD20-4C9B-B3F9-20DD08E99726}.Release|Any CPU.Build.0 = Release|Any CPU
		{8D6D8253-CD20-4C9B-B3F9-20DD08E99726}.Release|x64.ActiveCfg = Release|x64
		{8D6D8253-CD20-4C9B-B3F9-20DD08E99726}.Release|x64.Build.0 = Release|x64
		{8D6D8253-CD20-4C9B-B3F9-20DD08E99726}.Release|x86.ActiveCfg = Release|x86
		{8D6D8253-CD20-4C9B-B3F9-20DD08E99726}.Release|x86.Build.0 = Release|x86
		{217873BD-5CB5-438A-860F-98C8AFEC71F8}.Debug|Any CPU.ActiveCfg = Debug|Any CPU
		{217873BD-5CB5-438A-860F-98C8AFEC71F8}.Debug|Any CPU.Build.0 = Debug|Any CPU
		{217873BD-5CB5-438A-860F-98C8AFEC71F8}.Debug|x64.ActiveCfg = Debug|x64
		{217873BD-5CB5-438A-860F-98C8AFEC71F8}.Debug|x64.Build.0 = Debug|x64
		{217873BD-5CB5-438A-860F-98C8AFEC71F8}.Debug|x86.ActiveCfg = Debug|x86
		{217873BD-5CB5-438A-860F-98C8AFEC71F8}.Debug|x86.Build.0 = Debug|x86
		{217873BD-5CB5-438A-860F-98C8AFEC71F8}.Release|Any CPU.ActiveCfg = Release|Any CPU
		{217873BD-5CB5-438A-860F-98C8AFEC71F8}.Release|Any CPU.Build.0 = Release|Any CPU
		{217873BD-5CB5-438A-860F-98C8AFEC71F8}.Release|x64.ActiveCfg = Release|x64
		{217873BD-5CB5-438A-860F-98C8AFEC71F8}.Release|x64.Build.0 = Release|x64
		{217873BD-5CB5-438A-860F-98C8AFEC71F8}.Release|x86.ActiveCfg = Release|x86
		{217873BD-5CB5-438A-860F-98C8AFEC71F8}.Release|x86.Build.0 = Release|x86
	EndGlobalSection
	GlobalSection(NestedProjects) = preSolution
		{8D6D8253-CD20-4C9B-B3F9-20DD08E99726} = {6CF609A0-0A74-4BAE-B18D-71EA5A53958A}
		{217873BD-5CB5-438A-860F-98C8AFEC71F8} = {19AC3587-27EC-4C56-9F61-1453095A48F0}
	EndGlobalSection
EndGlobal
